
Microsoft Visual Studio Solution File, Format Version 12.00
# Visual Studio Version 17
VisualStudioVersion = 17.12.35707.178
MinimumVisualStudioVersion = 10.0.40219.1
Project("{FAE04EC0-301F-11D3-BF4B-00C04F79EFBC}") = "PowerDNS-Web", "PowerDNS-Web.csproj", "{323C34AF-1893-4031-A172-8E21325E15A4}"
EndProject
Global
	GlobalSection(SolutionConfigurationPlatforms) = preSolution
		Debug|Any CPU = Debug|Any CPU
		Release|Any CPU = Release|Any CPU
	EndGlobalSection
	GlobalSection(ProjectConfigurationPlatforms) = postSolution
		{323C34AF-1893-4031-A172-8E21325E15A4}.Debug|Any CPU.ActiveCfg = Debug|Any CPU
		{323C34AF-1893-4031-A172-8E21325E15A4}.Debug|Any CPU.Build.0 = Debug|Any CPU
		{323C34AF-1893-4031-A172-8E21325E15A4}.Release|Any CPU.ActiveCfg = Release|Any CPU
		{323C34AF-1893-4031-A172-8E21325E15A4}.Release|Any CPU.Build.0 = Release|Any CPU
	EndGlobalSection
	GlobalSection(SolutionProperties) = preSolution
		HideSolutionNode = FALSE
	EndGlobalSection
	GlobalSection(ExtensibilityGlobals) = postSolution
		SolutionGuid = {41E13495-74A8-4CB5-9EAB-E2940F612F11}
	EndGlobalSection
EndGlobal
